
Microsoft Visual Studio Solution File, Format Version 12.00
# Visual Studio 2013
VisualStudioVersion = 12.0.40629.0
MinimumVisualStudioVersion = 10.0.40219.1
Project("{FAE04EC0-301F-11D3-BF4B-00C04F79EFBC}") = "AOPSampleWinForm", "WindowsFormsApplication1\AOPSampleWinForm.csproj", "{34828BFD-17FC-4C5E-9D3D-601205915204}"
EndProject
Project("{FAE04EC0-301F-11D3-BF4B-00C04F79EFBC}") = "UnitTestAOPSample", "UnitTestAOPSample\UnitTestAOPSample.csproj", "{61E0D2D5-977C-4A12-B0EE-26E22322E84D}"
EndProject
Project("{FAE04EC0-301F-11D3-BF4B-00C04F79EFBC}") = "AOP_Core", "AOP_Core\AOP_Core.csproj", "{9580430F-CD18-469A-B3FD-6A0F834020CE}"
EndProject
Global
	GlobalSection(SolutionConfigurationPlatforms) = preSolution
		Debug|Any CPU = Debug|Any CPU
		Release|Any CPU = Release|Any CPU
	EndGlobalSection
	GlobalSection(ProjectConfigurationPlatforms) = postSolution
		{34828BFD-17FC-4C5E-9D3D-601205915204}.Debug|Any CPU.ActiveCfg = Debug|Any CPU
		{34828BFD-17FC-4C5E-9D3D-601205915204}.Debug|Any CPU.Build.0 = Debug|Any CPU
		{34828BFD-17FC-4C5E-9D3D-601205915204}.Release|Any CPU.ActiveCfg = Release|Any CPU
		{34828BFD-17FC-4C5E-9D3D-601205915204}.Release|Any CPU.Build.0 = Release|Any CPU
		{61E0D2D5-977C-4A12-B0EE-26E22322E84D}.Debug|Any CPU.ActiveCfg = Debug|Any CPU
		{61E0D2D5-977C-4A12-B0EE-26E22322E84D}.Debug|Any CPU.Build.0 = Debug|Any CPU
		{61E0D2D5-977C-4A12-B0EE-26E22322E84D}.Release|Any CPU.ActiveCfg = Release|Any CPU
		{61E0D2D5-977C-4A12-B0EE-26E22322E84D}.Release|Any CPU.Build.0 = Release|Any CPU
		{9580430F-CD18-469A-B3FD-6A0F834020CE}.Debug|Any CPU.ActiveCfg = Debug|Any CPU
		{9580430F-CD18-469A-B3FD-6A0F834020CE}.Debug|Any CPU.Build.0 = Debug|Any CPU
		{9580430F-CD18-469A-B3FD-6A0F834020CE}.Release|Any CPU.ActiveCfg = Release|Any CPU
		{9580430F-CD18-469A-B3FD-6A0F834020CE}.Release|Any CPU.Build.0 = Release|Any CPU
	EndGlobalSection
	GlobalSection(SolutionProperties) = preSolution
		HideSolutionNode = FALSE
	EndGlobalSection
EndGlobal
